<?xml version="1.0" encoding="utf-8"?>
<Project ToolsVersion="4.0" xmlns="http://schemas.microsoft.com/developer/msbuild/2003">
  <ItemGroup>
    <ClCompile Include="..\src\audio\device.cpp">
      <Filter>audio</Filter>
    </ClCompile>
    <ClCompile Include="..\src\audio\device_music.cpp">
      <Filter>audio</Filter>
    </ClCompile>
    <ClCompile Include="..\src\audio\mp3_decoder.cpp">
      <Filter>audio</Filter>
    </ClCompile>
    <ClCompile Include="..\src\grid.cpp">
      <Filter>base</Filter>
    </ClCompile>
    <ClCompile Include="..\src\grid_intersect.cpp">
      <Filter>base</Filter>
    </ClCompile>
    <ClCompile Include="..\src\navi_heightmap.cpp">
      <Filter>base</Filter>
    </ClCompile>
    <ClCompile Include="..\src\navi_map.cpp">
      <Filter>base</Filter>
    </ClCompile>
    <ClCompile Include="..\src\occluder_map.cpp">
      <Filter>base</Filter>
    </ClCompile>
    <ClCompile Include="..\src\res_manager.cpp">
      <Filter>base</Filter>
    </ClCompile>
    <ClCompile Include="..\src\hud\base.cpp">
      <Filter>hud</Filter>
    </ClCompile>
    <ClCompile Include="..\src\hud\button.cpp">
      <Filter>hud</Filter>
    </ClCompile>
    <ClCompile Include="..\src\hud\char_icon.cpp">
      <Filter>hud</Filter>
    </ClCompile>
    <ClCompile Include="..\src\hud\character.cpp">
      <Filter>hud</Filter>
    </ClCompile>
    <ClCompile Include="..\src\hud\class.cpp">
      <Filter>hud</Filter>
    </ClCompile>
    <ClCompile Include="..\src\hud\console.cpp">
      <Filter>hud</Filter>
    </ClCompile>
    <ClCompile Include="..\src\hud\edit_box.cpp">
      <Filter>hud</Filter>
    </ClCompile>
    <ClCompile Include="..\src\hud\grid.cpp">
      <Filter>hud</Filter>
    </ClCompile>
    <ClCompile Include="..\src\hud\hud.cpp">
      <Filter>hud</Filter>
    </ClCompile>
    <ClCompile Include="..\src\hud\inventory.cpp">
      <Filter>hud</Filter>
    </ClCompile>
    <ClCompile Include="..\src\hud\layer.cpp">
      <Filter>hud</Filter>
    </ClCompile>
    <ClCompile Include="..\src\hud\main_panel.cpp">
      <Filter>hud</Filter>
    </ClCompile>
    <ClCompile Include="..\src\hud\multi_player_menu.cpp">
      <Filter>hud</Filter>
    </ClCompile>
    <ClCompile Include="..\src\hud\options.cpp">
      <Filter>hud</Filter>
    </ClCompile>
    <ClCompile Include="..\src\hud\stats.cpp">
      <Filter>hud</Filter>
    </ClCompile>
    <ClCompile Include="..\src\hud\target_info.cpp">
      <Filter>hud</Filter>
    </ClCompile>
    <ClCompile Include="..\src\hud\weapon.cpp">
      <Filter>hud</Filter>
    </ClCompile>
    <ClCompile Include="..\src\hud\widget.cpp">
      <Filter>hud</Filter>
    </ClCompile>
    <ClCompile Include="..\src\game\actor.cpp">
      <Filter>game</Filter>
    </ClCompile>
    <ClCompile Include="..\src\game\actor_proto.cpp">
      <Filter>game</Filter>
    </ClCompile>
    <ClCompile Include="..\src\game\ammo.cpp">
      <Filter>game</Filter>
    </ClCompile>
    <ClCompile Include="..\src\game\armour.cpp">
      <Filter>game</Filter>
    </ClCompile>
    <ClCompile Include="..\src\game\base.cpp">
      <Filter>game</Filter>
    </ClCompile>
    <ClCompile Include="..\src\game\brain.cpp">
      <Filter>game</Filter>
    </ClCompile>
    <ClCompile Include="..\src\game\character.cpp">
      <Filter>game</Filter>
    </ClCompile>
    <ClCompile Include="..\src\game\container.cpp">
      <Filter>game</Filter>
    </ClCompile>
    <ClCompile Include="..\src\game\death_match.cpp">
      <Filter>game</Filter>
    </ClCompile>
    <ClCompile Include="..\src\game\door.cpp">
      <Filter>game</Filter>
    </ClCompile>
    <ClCompile Include="..\src\game\entities.cpp">
      <Filter>game</Filter>
    </ClCompile>
    <ClCompile Include="..\src\game\entity.cpp">
      <Filter>game</Filter>
    </ClCompile>
    <ClCompile Include="..\src\game\entity_map.cpp">
      <Filter>game</Filter>
    </ClCompile>
    <ClCompile Include="..\src\game\entity_world_proxy.cpp">
      <Filter>game</Filter>
    </ClCompile>
    <ClCompile Include="..\src\game\game_mode.cpp">
      <Filter>game</Filter>
    </ClCompile>
    <ClCompile Include="..\src\game\impact.cpp">
      <Filter>game</Filter>
    </ClCompile>
    <ClCompile Include="..\src\game\inventory.cpp">
      <Filter>game</Filter>
    </ClCompile>
    <ClCompile Include="..\src\game\item.cpp">
      <Filter>game</Filter>
    </ClCompile>
    <ClCompile Include="..\src\game\level.cpp">
      <Filter>game</Filter>
    </ClCompile>
    <ClCompile Include="..\src\game\orders.cpp">
      <Filter>game</Filter>
    </ClCompile>
    <ClCompile Include="..\src\game\path.cpp">
      <Filter>game</Filter>
    </ClCompile>
    <ClCompile Include="..\src\game\pc_controller.cpp">
      <Filter>game</Filter>
    </ClCompile>
    <ClCompile Include="..\src\game\projectile.cpp">
      <Filter>game</Filter>
    </ClCompile>
    <ClCompile Include="..\src\game\proto.cpp">
      <Filter>game</Filter>
    </ClCompile>
    <ClCompile Include="..\src\game\single_player_mode.cpp">
      <Filter>game</Filter>
    </ClCompile>
    <ClCompile Include="..\src\game\sprite.cpp">
      <Filter>game</Filter>
    </ClCompile>
    <ClCompile Include="..\src\game\sprite_legacy.cpp">
      <Filter>game</Filter>
    </ClCompile>
    <ClCompile Include="..\src\game\sprites.cpp">
      <Filter>game</Filter>
    </ClCompile>
    <ClCompile Include="..\src\game\thinking_entity.cpp">
      <Filter>game</Filter>
    </ClCompile>
    <ClCompile Include="..\src\game\tile.cpp">
      <Filter>game</Filter>
    </ClCompile>
    <ClCompile Include="..\src\game\tile_map.cpp">
      <Filter>game</Filter>
    </ClCompile>
    <ClCompile Include="..\src\game\tile_map_legacy.cpp">
      <Filter>game</Filter>
    </ClCompile>
    <ClCompile Include="..\src\game\trigger.cpp">
      <Filter>game</Filter>
    </ClCompile>
    <ClCompile Include="..\src\game\turret.cpp">
      <Filter>game</Filter>
    </ClCompile>
    <ClCompile Include="..\src\game\visibility.cpp">
      <Filter>game</Filter>
    </ClCompile>
    <ClCompile Include="..\src\game\weapon.cpp">
      <Filter>game</Filter>
    </ClCompile>
    <ClCompile Include="..\src\game\world.cpp">
      <Filter>game</Filter>
    </ClCompile>
    <ClCompile Include="..\src\game\orders\attack.cpp">
      <Filter>game\orders</Filter>
    </ClCompile>
    <ClCompile Include="..\src\game\orders\change_stance.cpp">
      <Filter>game\orders</Filter>
    </ClCompile>
    <ClCompile Include="..\src\game\orders\die.cpp">
      <Filter>game\orders</Filter>
    </ClCompile>
    <ClCompile Include="..\src\game\orders\get_hit.cpp">
      <Filter>game\orders</Filter>
    </ClCompile>
    <ClCompile Include="..\src\game\orders\idle.cpp">
      <Filter>game\orders</Filter>
    </ClCompile>
    <ClCompile Include="..\src\game\orders\interact.cpp">
      <Filter>game\orders</Filter>
    </ClCompile>
    <ClCompile Include="..\src\game\orders\inventory.cpp">
      <Filter>game\orders</Filter>
    </ClCompile>
    <ClCompile Include="..\src\game\orders\look_at.cpp">
      <Filter>game\orders</Filter>
    </ClCompile>
    <ClCompile Include="..\src\game\orders\move.cpp">
      <Filter>game\orders</Filter>
    </ClCompile>
    <ClCompile Include="..\src\game\orders\track.cpp">
      <Filter>game\orders</Filter>
    </ClCompile>
    <ClCompile Include="..\src\gfx\drawing.cpp">
      <Filter>gfx</Filter>
    </ClCompile>
    <ClCompile Include="..\src\gfx\packed_texture.cpp">
      <Filter>gfx</Filter>
    </ClCompile>
    <ClCompile Include="..\src\gfx\scene_renderer.cpp">
      <Filter>gfx</Filter>
    </ClCompile>
    <ClCompile Include="..\src\gfx\texture_cache.cpp">
      <Filter>gfx</Filter>
    </ClCompile>
    <ClCompile Include="..\src\net\base.cpp">
      <Filter>net</Filter>
    </ClCompile>
    <ClCompile Include="..\src\net\chunk.cpp">
      <Filter>net</Filter>
    </ClCompile>
    <ClCompile Include="..\src\net\host.cpp">
      <Filter>net</Filter>
    </ClCompile>
    <ClCompile Include="..\src\net\socket.cpp">
      <Filter>net</Filter>
    </ClCompile>
    <ClCompile Include="..\src\sys\config.cpp">
      <Filter>sys</Filter>
    </ClCompile>
    <ClCompile Include="..\src\sys\data_sheet.cpp">
      <Filter>sys</Filter>
    </ClCompile>
    <ClCompile Include="..\src\base.cpp">
      <Filter>base</Filter>
    </ClCompile>
    <ClCompile Include="..\src\net\client.cpp">
      <Filter>net</Filter>
    </ClCompile>
    <ClCompile Include="..\src\net\server.cpp">
      <Filter>net</Filter>
    </ClCompile>
    <ClCompile Include="..\src\ui\button.cpp">
      <Filter>ui</Filter>
    </ClCompile>
    <ClCompile Include="..\src\ui\combo_box.cpp">
      <Filter>ui</Filter>
    </ClCompile>
    <ClCompile Include="..\src\ui\edit_box.cpp">
      <Filter>ui</Filter>
    </ClCompile>
    <ClCompile Include="..\src\ui\file_dialog.cpp">
      <Filter>ui</Filter>
    </ClCompile>
    <ClCompile Include="..\src\ui\image_button.cpp">
      <Filter>ui</Filter>
    </ClCompile>
    <ClCompile Include="..\src\ui\list_box.cpp">
      <Filter>ui</Filter>
    </ClCompile>
    <ClCompile Include="..\src\ui\loading_bar.cpp">
      <Filter>ui</Filter>
    </ClCompile>
    <ClCompile Include="..\src\ui\message_box.cpp">
      <Filter>ui</Filter>
    </ClCompile>
    <ClCompile Include="..\src\ui\progress_bar.cpp">
      <Filter>ui</Filter>
    </ClCompile>
    <ClCompile Include="..\src\ui\text_box.cpp">
      <Filter>ui</Filter>
    </ClCompile>
    <ClCompile Include="..\src\ui\tile_list.cpp">
      <Filter>ui</Filter>
    </ClCompile>
    <ClCompile Include="..\src\ui\window.cpp">
      <Filter>ui</Filter>
    </ClCompile>
  </ItemGroup>
  <ItemGroup>
    <ClInclude Include="..\src\audio\device.h">
      <Filter>audio</Filter>
    </ClInclude>
    <ClInclude Include="..\src\audio\internals.h">
      <Filter>audio</Filter>
    </ClInclude>
    <ClInclude Include="..\src\audio\mp3_decoder.h">
      <Filter>audio</Filter>
    </ClInclude>
    <ClInclude Include="..\src\freeft_pch.h">
      <Filter>base</Filter>
    </ClInclude>
    <ClInclude Include="..\src\grid.h">
      <Filter>base</Filter>
    </ClInclude>
    <ClInclude Include="..\src\navi_heightmap.h">
      <Filter>base</Filter>
    </ClInclude>
    <ClInclude Include="..\src\navi_map.h">
      <Filter>base</Filter>
    </ClInclude>
    <ClInclude Include="..\src\occluder_map.h">
      <Filter>base</Filter>
    </ClInclude>
    <ClInclude Include="..\src\res_manager.h">
      <Filter>base</Filter>
    </ClInclude>
    <ClInclude Include="..\src\hud\base.h">
      <Filter>hud</Filter>
    </ClInclude>
    <ClInclude Include="..\src\hud\button.h">
      <Filter>hud</Filter>
    </ClInclude>
    <ClInclude Include="..\src\hud\char_icon.h">
      <Filter>hud</Filter>
    </ClInclude>
    <ClInclude Include="..\src\hud\character.h">
      <Filter>hud</Filter>
    </ClInclude>
    <ClInclude Include="..\src\hud\class.h">
      <Filter>hud</Filter>
    </ClInclude>
    <ClInclude Include="..\src\hud\console.h">
      <Filter>hud</Filter>
    </ClInclude>
    <ClInclude Include="..\src\hud\edit_box.h">
      <Filter>hud</Filter>
    </ClInclude>
    <ClInclude Include="..\src\hud\grid.h">
      <Filter>hud</Filter>
    </ClInclude>
    <ClInclude Include="..\src\hud\hud.h">
      <Filter>hud</Filter>
    </ClInclude>
    <ClInclude Include="..\src\hud\inventory.h">
      <Filter>hud</Filter>
    </ClInclude>
    <ClInclude Include="..\src\hud\layer.h">
      <Filter>hud</Filter>
    </ClInclude>
    <ClInclude Include="..\src\hud\main_panel.h">
      <Filter>hud</Filter>
    </ClInclude>
    <ClInclude Include="..\src\hud\multi_player_menu.h">
      <Filter>hud</Filter>
    </ClInclude>
    <ClInclude Include="..\src\hud\options.h">
      <Filter>hud</Filter>
    </ClInclude>
    <ClInclude Include="..\src\hud\stats.h">
      <Filter>hud</Filter>
    </ClInclude>
    <ClInclude Include="..\src\hud\target_info.h">
      <Filter>hud</Filter>
    </ClInclude>
    <ClInclude Include="..\src\hud\weapon.h">
      <Filter>hud</Filter>
    </ClInclude>
    <ClInclude Include="..\src\hud\widget.h">
      <Filter>hud</Filter>
    </ClInclude>
    <ClInclude Include="..\src\game\actor.h">
      <Filter>game</Filter>
    </ClInclude>
    <ClInclude Include="..\src\game\all_orders.h">
      <Filter>game</Filter>
    </ClInclude>
    <ClInclude Include="..\src\game\ammo.h">
      <Filter>game</Filter>
    </ClInclude>
    <ClInclude Include="..\src\game\armour.h">
      <Filter>game</Filter>
    </ClInclude>
    <ClInclude Include="..\src\game\base.h">
      <Filter>game</Filter>
    </ClInclude>
    <ClInclude Include="..\src\game\brain.h">
      <Filter>game</Filter>
    </ClInclude>
    <ClInclude Include="..\src\game\character.h">
      <Filter>game</Filter>
    </ClInclude>
    <ClInclude Include="..\src\game\container.h">
      <Filter>game</Filter>
    </ClInclude>
    <ClInclude Include="..\src\game\death_match.h">
      <Filter>game</Filter>
    </ClInclude>
    <ClInclude Include="..\src\game\door.h">
      <Filter>game</Filter>
    </ClInclude>
    <ClInclude Include="..\src\game\entity.h">
      <Filter>game</Filter>
    </ClInclude>
    <ClInclude Include="..\src\game\entity_map.h">
      <Filter>game</Filter>
    </ClInclude>
    <ClInclude Include="..\src\game\game_mode.h">
      <Filter>game</Filter>
    </ClInclude>
    <ClInclude Include="..\src\game\impact.h">
      <Filter>game</Filter>
    </ClInclude>
    <ClInclude Include="..\src\game\inventory.h">
      <Filter>game</Filter>
    </ClInclude>
    <ClInclude Include="..\src\game\item.h">
      <Filter>game</Filter>
    </ClInclude>
    <ClInclude Include="..\src\game\level.h">
      <Filter>game</Filter>
    </ClInclude>
    <ClInclude Include="..\src\game\orders.h">
      <Filter>game</Filter>
    </ClInclude>
    <ClInclude Include="..\src\game\path.h">
      <Filter>game</Filter>
    </ClInclude>
    <ClInclude Include="..\src\game\pc_controller.h">
      <Filter>game</Filter>
    </ClInclude>
    <ClInclude Include="..\src\game\projectile.h">
      <Filter>game</Filter>
    </ClInclude>
    <ClInclude Include="..\src\game\proto.h">
      <Filter>game</Filter>
    </ClInclude>
    <ClInclude Include="..\src\game\single_player_mode.h">
      <Filter>game</Filter>
    </ClInclude>
    <ClInclude Include="..\src\game\sprite.h">
      <Filter>game</Filter>
    </ClInclude>
    <ClInclude Include="..\src\game\thinking_entity.h">
      <Filter>game</Filter>
    </ClInclude>
    <ClInclude Include="..\src\game\tile.h">
      <Filter>game</Filter>
    </ClInclude>
    <ClInclude Include="..\src\game\tile_map.h">
      <Filter>game</Filter>
    </ClInclude>
    <ClInclude Include="..\src\game\trigger.h">
      <Filter>game</Filter>
    </ClInclude>
    <ClInclude Include="..\src\game\turret.h">
      <Filter>game</Filter>
    </ClInclude>
    <ClInclude Include="..\src\game\visibility.h">
      <Filter>game</Filter>
    </ClInclude>
    <ClInclude Include="..\src\game\weapon.h">
      <Filter>game</Filter>
    </ClInclude>
    <ClInclude Include="..\src\game\world.h">
      <Filter>game</Filter>
    </ClInclude>
    <ClInclude Include="..\src\game\orders\attack.h">
      <Filter>game\orders</Filter>
    </ClInclude>
    <ClInclude Include="..\src\game\orders\change_stance.h">
      <Filter>game\orders</Filter>
    </ClInclude>
    <ClInclude Include="..\src\game\orders\die.h">
      <Filter>game\orders</Filter>
    </ClInclude>
    <ClInclude Include="..\src\game\orders\get_hit.h">
      <Filter>game\orders</Filter>
    </ClInclude>
    <ClInclude Include="..\src\game\orders\idle.h">
      <Filter>game\orders</Filter>
    </ClInclude>
    <ClInclude Include="..\src\game\orders\interact.h">
      <Filter>game\orders</Filter>
    </ClInclude>
    <ClInclude Include="..\src\game\orders\inventory.h">
      <Filter>game\orders</Filter>
    </ClInclude>
    <ClInclude Include="..\src\game\orders\look_at.h">
      <Filter>game\orders</Filter>
    </ClInclude>
    <ClInclude Include="..\src\game\orders\move.h">
      <Filter>game\orders</Filter>
    </ClInclude>
    <ClInclude Include="..\src\game\orders\track.h">
      <Filter>game\orders</Filter>
    </ClInclude>
    <ClInclude Include="..\src\gfx\drawing.h">
      <Filter>gfx</Filter>
    </ClInclude>
    <ClInclude Include="..\src\gfx\packed_texture.h">
      <Filter>gfx</Filter>
    </ClInclude>
    <ClInclude Include="..\src\gfx\scene_renderer.h">
      <Filter>gfx</Filter>
    </ClInclude>
    <ClInclude Include="..\src\gfx\texture_cache.h">
      <Filter>gfx</Filter>
    </ClInclude>
    <ClInclude Include="..\src\net\base.h">
      <Filter>net</Filter>
    </ClInclude>
    <ClInclude Include="..\src\net\chunk.h">
      <Filter>net</Filter>
    </ClInclude>
    <ClInclude Include="..\src\net\host.h">
      <Filter>net</Filter>
    </ClInclude>
    <ClInclude Include="..\src\net\socket.h">
      <Filter>net</Filter>
    </ClInclude>
    <ClInclude Include="..\src\sys\aligned_allocator.h">
      <Filter>sys</Filter>
    </ClInclude>
    <ClInclude Include="..\src\sys\config.h">
      <Filter>sys</Filter>
    </ClInclude>
    <ClInclude Include="..\src\sys\data_sheet.h">
      <Filter>sys</Filter>
    </ClInclude>
    <ClInclude Include="..\src\base.h">
      <Filter>base</Filter>
    </ClInclude>
    <ClInclude Include="..\src\net\client.h">
      <Filter>net</Filter>
    </ClInclude>
    <ClInclude Include="..\src\net\server.h">
      <Filter>net</Filter>
    </ClInclude>
    <ClInclude Include="..\src\ui\button.h">
      <Filter>ui</Filter>
    </ClInclude>
    <ClInclude Include="..\src\ui\combo_box.h">
      <Filter>ui</Filter>
    </ClInclude>
    <ClInclude Include="..\src\ui\edit_box.h">
      <Filter>ui</Filter>
    </ClInclude>
    <ClInclude Include="..\src\ui\file_dialog.h">
      <Filter>ui</Filter>
    </ClInclude>
    <ClInclude Include="..\src\ui\image_button.h">
      <Filter>ui</Filter>
    </ClInclude>
    <ClInclude Include="..\src\ui\list_box.h">
      <Filter>ui</Filter>
    </ClInclude>
    <ClInclude Include="..\src\ui\loading_bar.h">
      <Filter>ui</Filter>
    </ClInclude>
    <ClInclude Include="..\src\ui\message_box.h">
      <Filter>ui</Filter>
    </ClInclude>
    <ClInclude Include="..\src\ui\progress_bar.h">
      <Filter>ui</Filter>
    </ClInclude>
    <ClInclude Include="..\src\ui\text_box.h">
      <Filter>ui</Filter>
    </ClInclude>
    <ClInclude Include="..\src\ui\tile_list.h">
      <Filter>ui</Filter>
    </ClInclude>
    <ClInclude Include="..\src\ui\window.h">
      <Filter>ui</Filter>
    </ClInclude>
  </ItemGroup>
  <ItemGroup>
    <Filter Include="audio">
      <UniqueIdentifier>{b609fe79-ad3a-4f64-ac57-dc761e570e86}</UniqueIdentifier>
    </Filter>
    <Filter Include="game">
      <UniqueIdentifier>{6f9a32a8-4128-4e7e-9f92-8bcaee4b64fe}</UniqueIdentifier>
    </Filter>
    <Filter Include="gfx">
      <UniqueIdentifier>{fc64a8be-a85c-432f-9bc9-ab74d4d6eab8}</UniqueIdentifier>
    </Filter>
    <Filter Include="hud">
      <UniqueIdentifier>{259f034c-f22d-4f38-8f06-1e91efd4c790}</UniqueIdentifier>
    </Filter>
    <Filter Include="net">
      <UniqueIdentifier>{6159a790-cccc-46fa-a604-268f7b5796d7}</UniqueIdentifier>
    </Filter>
    <Filter Include="sys">
      <UniqueIdentifier>{a6f8e6af-b1b6-4d80-b3c0-a97c0f7be747}</UniqueIdentifier>
    </Filter>
    <Filter Include="base">
      <UniqueIdentifier>{1afaf9fd-bb5a-4b9b-83fc-5b33589e6811}</UniqueIdentifier>
    </Filter>
    <Filter Include="game\orders">
      <UniqueIdentifier>{6aae1c58-6f92-4973-8a3a-c28d2bd5fa5a}</UniqueIdentifier>
    </Filter>
    <Filter Include="ui">
      <UniqueIdentifier>{3290784c-9720-4571-a2eb-80754ebc91de}</UniqueIdentifier>
    </Filter>
  </ItemGroup>
</Project>