
Microsoft Visual Studio Solution File, Format Version 12.00
# Visual Studio Version 17
VisualStudioVersion = 17.7.34221.43
MinimumVisualStudioVersion = 10.0.40219.1
Project("{8BC9CEB8-8B4A-11D0-8D11-00A0C91BC942}") = "game", "freeft_game.vcxproj", "{12336274-6333-403E-82AB-E6C94D20F1EC}"
	ProjectSection(ProjectDependencies) = postProject
		{D43B667A-D8CF-47A1-A576-FC05E7E6CA7B} = {D43B667A-D8CF-47A1-A576-FC05E7E6CA7B}
	EndProjectSection
EndProject
Project("{8BC9CEB8-8B4A-11D0-8D11-00A0C91BC942}") = "libfwk", "..\libfwk\windows\libfwk.vcxproj", "{D58F34BE-FFCB-485F-9294-460EA261D0ED}"
EndProject
Project("{8BC9CEB8-8B4A-11D0-8D11-00A0C91BC942}") = "freeft_lib", "freeft_lib.vcxproj", "{D43B667A-D8CF-47A1-A576-FC05E7E6CA7B}"
EndProject
Project("{8BC9CEB8-8B4A-11D0-8D11-00A0C91BC942}") = "lobby_server", "freeft_lobby_server.vcxproj", "{35293BDE-BFEF-4473-A77D-D5D61B566ED6}"
EndProject
Project("{8BC9CEB8-8B4A-11D0-8D11-00A0C91BC942}") = "editor", "freeft_res_viewer.vcxproj", "{885E8700-C1E9-45D7-A3D5-4E417C17601F}"
EndProject
Project("{8BC9CEB8-8B4A-11D0-8D11-00A0C91BC942}") = "convert", "freeft_convert.vcxproj", "{AB30FA2A-796E-48F8-A4B4-9D7DADB32D0E}"
EndProject
Project("{8BC9CEB8-8B4A-11D0-8D11-00A0C91BC942}") = "res_viewer", "freeft_editor.vcxproj", "{B8CBEF6C-BD15-4749-B463-3AA5D6B7A691}"
EndProject
Global
	GlobalSection(SolutionConfigurationPlatforms) = preSolution
		Debug|x64 = Debug|x64
		Release|x64 = Release|x64
	EndGlobalSection
	GlobalSection(ProjectConfigurationPlatforms) = postSolution
		{12336274-6333-403E-82AB-E6C94D20F1EC}.Debug|x64.ActiveCfg = Debug|x64
		{12336274-6333-403E-82AB-E6C94D20F1EC}.Debug|x64.Build.0 = Debug|x64
		{12336274-6333-403E-82AB-E6C94D20F1EC}.Release|x64.ActiveCfg = Release|x64
		{12336274-6333-403E-82AB-E6C94D20F1EC}.Release|x64.Build.0 = Release|x64
		{D58F34BE-FFCB-485F-9294-460EA261D0ED}.Debug|x64.ActiveCfg = Debug|x64
		{D58F34BE-FFCB-485F-9294-460EA261D0ED}.Debug|x64.Build.0 = Debug|x64
		{D58F34BE-FFCB-485F-9294-460EA261D0ED}.Release|x64.ActiveCfg = Release|x64
		{D58F34BE-FFCB-485F-9294-460EA261D0ED}.Release|x64.Build.0 = Release|x64
		{D43B667A-D8CF-47A1-A576-FC05E7E6CA7B}.Debug|x64.ActiveCfg = Debug|x64
		{D43B667A-D8CF-47A1-A576-FC05E7E6CA7B}.Debug|x64.Build.0 = Debug|x64
		{D43B667A-D8CF-47A1-A576-FC05E7E6CA7B}.Release|x64.ActiveCfg = Release|x64
		{D43B667A-D8CF-47A1-A576-FC05E7E6CA7B}.Release|x64.Build.0 = Release|x64
		{35293BDE-BFEF-4473-A77D-D5D61B566ED6}.Debug|x64.ActiveCfg = Debug|x64
		{35293BDE-BFEF-4473-A77D-D5D61B566ED6}.Debug|x64.Build.0 = Debug|x64
		{35293BDE-BFEF-4473-A77D-D5D61B566ED6}.Release|x64.ActiveCfg = Release|x64
		{35293BDE-BFEF-4473-A77D-D5D61B566ED6}.Release|x64.Build.0 = Release|x64
		{885E8700-C1E9-45D7-A3D5-4E417C17601F}.Debug|x64.ActiveCfg = Debug|x64
		{885E8700-C1E9-45D7-A3D5-4E417C17601F}.Debug|x64.Build.0 = Debug|x64
		{885E8700-C1E9-45D7-A3D5-4E417C17601F}.Release|x64.ActiveCfg = Release|x64
		{885E8700-C1E9-45D7-A3D5-4E417C17601F}.Release|x64.Build.0 = Release|x64
		{AB30FA2A-796E-48F8-A4B4-9D7DADB32D0E}.Debug|x64.ActiveCfg = Debug|x64
		{AB30FA2A-796E-48F8-A4B4-9D7DADB32D0E}.Debug|x64.Build.0 = Debug|x64
		{AB30FA2A-796E-48F8-A4B4-9D7DADB32D0E}.Release|x64.ActiveCfg = Release|x64
		{AB30FA2A-796E-48F8-A4B4-9D7DADB32D0E}.Release|x64.Build.0 = Release|x64
		{B8CBEF6C-BD15-4749-B463-3AA5D6B7A691}.Debug|x64.ActiveCfg = Debug|x64
		{B8CBEF6C-BD15-4749-B463-3AA5D6B7A691}.Debug|x64.Build.0 = Debug|x64
		{B8CBEF6C-BD15-4749-B463-3AA5D6B7A691}.Release|x64.ActiveCfg = Release|x64
		{B8CBEF6C-BD15-4749-B463-3AA5D6B7A691}.Release|x64.Build.0 = Release|x64
	EndGlobalSection
	GlobalSection(SolutionProperties) = preSolution
		HideSolutionNode = FALSE
	EndGlobalSection
	GlobalSection(ExtensibilityGlobals) = postSolution
		SolutionGuid = {72C0C156-AC02-45A0-9FBA-78A6CE11BD43}
	EndGlobalSection
EndGlobal
