<?xml version="1.0" encoding="utf-8"?>
<Project ToolsVersion="4.0" xmlns="http://schemas.microsoft.com/developer/msbuild/2003">
  <ItemGroup>
    <Filter Include="lib">
      <UniqueIdentifier>{38ba9653-9cf3-4952-92b0-c32375e37b39}</UniqueIdentifier>
    </Filter>
  </ItemGroup>
  <ItemGroup>
    <ClCompile Include="..\src\editor\entities_editor.cpp">
      <Filter>lib</Filter>
    </ClCompile>
    <ClCompile Include="..\src\editor\entities_pad.cpp">
      <Filter>lib</Filter>
    </ClCompile>
    <ClCompile Include="..\src\editor\group_editor.cpp">
      <Filter>lib</Filter>
    </ClCompile>
    <ClCompile Include="..\src\editor\group_pad.cpp">
      <Filter>lib</Filter>
    </ClCompile>
    <ClCompile Include="..\src\editor\tile_group.cpp">
      <Filter>lib</Filter>
    </ClCompile>
    <ClCompile Include="..\src\editor\tile_selector.cpp">
      <Filter>lib</Filter>
    </ClCompile>
    <ClCompile Include="..\src\editor\tiles_editor.cpp">
      <Filter>lib</Filter>
    </ClCompile>
    <ClCompile Include="..\src\editor\tiles_pad.cpp">
      <Filter>lib</Filter>
    </ClCompile>
    <ClCompile Include="..\src\editor\view.cpp">
      <Filter>lib</Filter>
    </ClCompile>
  </ItemGroup>
  <ItemGroup>
    <ClInclude Include="..\src\editor\entities_editor.h">
      <Filter>lib</Filter>
    </ClInclude>
    <ClInclude Include="..\src\editor\entities_pad.h">
      <Filter>lib</Filter>
    </ClInclude>
    <ClInclude Include="..\src\editor\group_editor.h">
      <Filter>lib</Filter>
    </ClInclude>
    <ClInclude Include="..\src\editor\group_pad.h">
      <Filter>lib</Filter>
    </ClInclude>
    <ClInclude Include="..\src\editor\tile_group.h">
      <Filter>lib</Filter>
    </ClInclude>
    <ClInclude Include="..\src\editor\tile_selector.h">
      <Filter>lib</Filter>
    </ClInclude>
    <ClInclude Include="..\src\editor\tiles_editor.h">
      <Filter>lib</Filter>
    </ClInclude>
    <ClInclude Include="..\src\editor\tiles_pad.h">
      <Filter>lib</Filter>
    </ClInclude>
    <ClInclude Include="..\src\editor\view.h">
      <Filter>lib</Filter>
    </ClInclude>
  </ItemGroup>
</Project>